Microsoft Visual Studio Solution File, Format Version 12.00
# Visual Studio 15
Project("{2150E333-8FDC-42A3-9474-1A3956D46DE8}") = "CMakePredefinedTargets", "CMakePredefinedTargets", "{CB87E9C8-CC33-3E86-9763-8F8BC1E9AEDA}"
EndProject
Project("{2150E333-8FDC-42A3-9474-1A3956D46DE8}") = "GLFW3", "GLFW3", "{3D744708-7FE0-3CF7-987F-FADAF0E3F526}"
EndProject
Project("{2150E333-8FDC-42A3-9474-1A3956D46DE8}") = "Examples", "GLFW3\Examples", "{52A90FA4-3E17-328D-AD23-ED6CE0CD3686}"
EndProject
Project("{2150E333-8FDC-42A3-9474-1A3956D46DE8}") = "Tests", "GLFW3\Tests", "{F5101D0F-01D3-3DFD-8A24-07222AD6F957}"
EndProject
Project("{8BC9CEB8-8B4A-11D0-8D11-00A0C91BC942}") = "ALL_BUILD", "ALL_BUILD.vcxproj", "{40F3F6E4-620F-3889-B9E0-A61E6164CB0F}"
	ProjectSection(ProjectDependencies) = postProject
		{FCFEEFA6-1F31-3837-8777-6904B647D11D} = {FCFEEFA6-1F31-3837-8777-6904B647D11D}
		{E828A4BC-7361-38B6-9D68-3C646F5EC4CD} = {E828A4BC-7361-38B6-9D68-3C646F5EC4CD}
		{A65EB09F-4E12-3BDE-B707-4EAF4404F447} = {A65EB09F-4E12-3BDE-B707-4EAF4404F447}
		{33BB4EDB-81DB-3A0C-B806-ADBFA0243B80} = {33BB4EDB-81DB-3A0C-B806-ADBFA0243B80}
		{08B54B8C-8C8F-3A08-815B-A9D544D9DB30} = {08B54B8C-8C8F-3A08-815B-A9D544D9DB30}
		{2244EDA9-AF1E-3F2D-B9C0-C9ED031333C5} = {2244EDA9-AF1E-3F2D-B9C0-C9ED031333C5}
		{28328244-6FCB-3CB2-B00A-C5771617191F} = {28328244-6FCB-3CB2-B00A-C5771617191F}
		{4C2BD494-7F50-377D-9F12-24438E4C5616} = {4C2BD494-7F50-377D-9F12-24438E4C5616}
		{238CF187-5003-38DB-92C4-97379C2C0BFA} = {238CF187-5003-38DB-92C4-97379C2C0BFA}
		{0133B4E5-233E-39B3-B3A9-7D4E3E5D0D6A} = {0133B4E5-233E-39B3-B3A9-7D4E3E5D0D6A}
		{5C88570A-05BF-3F9A-9678-E936A6EB356B} = {5C88570A-05BF-3F9A-9678-E936A6EB356B}
		{191FFEC3-B027-366E-B906-733933D87DD8} = {191FFEC3-B027-366E-B906-733933D87DD8}
		{65B597A5-C1A3-3273-9D5B-53D5CCE70B46} = {65B597A5-C1A3-3273-9D5B-53D5CCE70B46}
		{490AE574-7033-3415-8CBE-62C53DB27094} = {490AE574-7033-3415-8CBE-62C53DB27094}
		{3877ACC4-66F8-39C5-87E9-DA1682E357CD} = {3877ACC4-66F8-39C5-87E9-DA1682E357CD}
		{8C0CBC65-C4B8-3905-A806-3BEC05B692BE} = {8C0CBC65-C4B8-3905-A806-3BEC05B692BE}
		{A5D0A909-8FD3-34CD-B5C7-94EB7AAD47A4} = {A5D0A909-8FD3-34CD-B5C7-94EB7AAD47A4}
		{0831EC8F-C935-33DE-87D0-960EA0CA235B} = {0831EC8F-C935-33DE-87D0-960EA0CA235B}
		{C762F5C1-B23E-340E-82BB-503E18E288EB} = {C762F5C1-B23E-340E-82BB-503E18E288EB}
		{5C074EB3-AB34-3E32-819F-8151E9C260C4} = {5C074EB3-AB34-3E32-819F-8151E9C260C4}
		{DF7960CE-E9AC-37F7-963A-445CE60EB46B} = {DF7960CE-E9AC-37F7-963A-445CE60EB46B}
		{5BCDA735-9B61-3B2A-AEF9-DB88287F0AD9} = {5BCDA735-9B61-3B2A-AEF9-DB88287F0AD9}
		{94F3E04B-0A36-3710-92AA-E5249FC9A74E} = {94F3E04B-0A36-3710-92AA-E5249FC9A74E}
		{6D426AB1-6B7A-3DF4-8806-140FA613E389} = {6D426AB1-6B7A-3DF4-8806-140FA613E389}
		{1094A165-F31E-3C71-B883-3DB1E316DDD7} = {1094A165-F31E-3C71-B883-3DB1E316DDD7}
		{401C96F2-7E5B-38BA-8731-CD9940037215} = {401C96F2-7E5B-38BA-8731-CD9940037215}
		{BE4923F6-7941-3016-A9E7-9A7F674FD0D4} = {BE4923F6-7941-3016-A9E7-9A7F674FD0D4}
		{94F005A2-F7A4-3A22-9E1E-61E3712741E6} = {94F005A2-F7A4-3A22-9E1E-61E3712741E6}
		{5FE89EC8-3E59-3E74-9EAC-97D21792FF0D} = {5FE89EC8-3E59-3E74-9EAC-97D21792FF0D}
		{B8718AEA-92B9-336D-A810-55F7FCB7FCCA} = {B8718AEA-92B9-336D-A810-55F7FCB7FCCA}
		{549022C7-ED96-3066-B58D-C28168B37FAB} = {549022C7-ED96-3066-B58D-C28168B37FAB}
	EndProjectSection
EndProject
Project("{8BC9CEB8-8B4A-11D0-8D11-00A0C91BC942}") = "INSTALL", "INSTALL.vcxproj", "{7396099A-9F2C-38A6-9619-A8F9557BCD59}"
	ProjectSection(ProjectDependencies) = postProject
		{40F3F6E4-620F-3889-B9E0-A61E6164CB0F} = {40F3F6E4-620F-3889-B9E0-A61E6164CB0F}
		{FCFEEFA6-1F31-3837-8777-6904B647D11D} = {FCFEEFA6-1F31-3837-8777-6904B647D11D}
	EndProjectSection
EndProject
Project("{8BC9CEB8-8B4A-11D0-8D11-00A0C91BC942}") = "ZERO_CHECK", "ZERO_CHECK.vcxproj", "{FCFEEFA6-1F31-3837-8777-6904B647D11D}"
	ProjectSection(ProjectDependencies) = postProject
	EndProjectSection
EndProject
Project("{8BC9CEB8-8B4A-11D0-8D11-00A0C91BC942}") = "boing", "examples\boing.vcxproj", "{E828A4BC-7361-38B6-9D68-3C646F5EC4CD}"
	ProjectSection(ProjectDependencies) = postProject
		{FCFEEFA6-1F31-3837-8777-6904B647D11D} = {FCFEEFA6-1F31-3837-8777-6904B647D11D}
		{238CF187-5003-38DB-92C4-97379C2C0BFA} = {238CF187-5003-38DB-92C4-97379C2C0BFA}
	EndProjectSection
EndProject
Project("{8BC9CEB8-8B4A-11D0-8D11-00A0C91BC942}") = "clipboard", "tests\clipboard.vcxproj", "{A65EB09F-4E12-3BDE-B707-4EAF4404F447}"
	ProjectSection(ProjectDependencies) = postProject
		{FCFEEFA6-1F31-3837-8777-6904B647D11D} = {FCFEEFA6-1F31-3837-8777-6904B647D11D}
		{238CF187-5003-38DB-92C4-97379C2C0BFA} = {238CF187-5003-38DB-92C4-97379C2C0BFA}
	EndProjectSection
EndProject
Project("{8BC9CEB8-8B4A-11D0-8D11-00A0C91BC942}") = "cursor", "tests\cursor.vcxproj", "{33BB4EDB-81DB-3A0C-B806-ADBFA0243B80}"
	ProjectSection(ProjectDependencies) = postProject
		{FCFEEFA6-1F31-3837-8777-6904B647D11D} = {FCFEEFA6-1F31-3837-8777-6904B647D11D}
		{238CF187-5003-38DB-92C4-97379C2C0BFA} = {238CF187-5003-38DB-92C4-97379C2C0BFA}
	EndProjectSection
EndProject
Project("{8BC9CEB8-8B4A-11D0-8D11-00A0C91BC942}") = "empty", "tests\empty.vcxproj", "{08B54B8C-8C8F-3A08-815B-A9D544D9DB30}"
	ProjectSection(ProjectDependencies) = postProject
		{FCFEEFA6-1F31-3837-8777-6904B647D11D} = {FCFEEFA6-1F31-3837-8777-6904B647D11D}
		{238CF187-5003-38DB-92C4-97379C2C0BFA} = {238CF187-5003-38DB-92C4-97379C2C0BFA}
	EndProjectSection
EndProject
Project("{8BC9CEB8-8B4A-11D0-8D11-00A0C91BC942}") = "events", "tests\events.vcxproj", "{2244EDA9-AF1E-3F2D-B9C0-C9ED031333C5}"
	ProjectSection(ProjectDependencies) = postProject
		{FCFEEFA6-1F31-3837-8777-6904B647D11D} = {FCFEEFA6-1F31-3837-8777-6904B647D11D}
		{238CF187-5003-38DB-92C4-97379C2C0BFA} = {238CF187-5003-38DB-92C4-97379C2C0BFA}
	EndProjectSection
EndProject
Project("{8BC9CEB8-8B4A-11D0-8D11-00A0C91BC942}") = "gamma", "tests\gamma.vcxproj", "{28328244-6FCB-3CB2-B00A-C5771617191F}"
	ProjectSection(ProjectDependencies) = postProject
		{FCFEEFA6-1F31-3837-8777-6904B647D11D} = {FCFEEFA6-1F31-3837-8777-6904B647D11D}
		{238CF187-5003-38DB-92C4-97379C2C0BFA} = {238CF187-5003-38DB-92C4-97379C2C0BFA}
	EndProjectSection
EndProject
Project("{8BC9CEB8-8B4A-11D0-8D11-00A0C91BC942}") = "gears", "examples\gears.vcxproj", "{4C2BD494-7F50-377D-9F12-24438E4C5616}"
	ProjectSection(ProjectDependencies) = postProject
		{FCFEEFA6-1F31-3837-8777-6904B647D11D} = {FCFEEFA6-1F31-3837-8777-6904B647D11D}
		{238CF187-5003-38DB-92C4-97379C2C0BFA} = {238CF187-5003-38DB-92C4-97379C2C0BFA}
	EndProjectSection
EndProject
Project("{8BC9CEB8-8B4A-11D0-8D11-00A0C91BC942}") = "glfw", "src\glfw.vcxproj", "{238CF187-5003-38DB-92C4-97379C2C0BFA}"
	ProjectSection(ProjectDependencies) = postProject
		{FCFEEFA6-1F31-3837-8777-6904B647D11D} = {FCFEEFA6-1F31-3837-8777-6904B647D11D}
	EndProjectSection
EndProject
Project("{8BC9CEB8-8B4A-11D0-8D11-00A0C91BC942}") = "glfwinfo", "tests\glfwinfo.vcxproj", "{0133B4E5-233E-39B3-B3A9-7D4E3E5D0D6A}"
	ProjectSection(ProjectDependencies) = postProject
		{FCFEEFA6-1F31-3837-8777-6904B647D11D} = {FCFEEFA6-1F31-3837-8777-6904B647D11D}
		{238CF187-5003-38DB-92C4-97379C2C0BFA} = {238CF187-5003-38DB-92C4-97379C2C0BFA}
	EndProjectSection
EndProject
Project("{8BC9CEB8-8B4A-11D0-8D11-00A0C91BC942}") = "heightmap", "examples\heightmap.vcxproj", "{5C88570A-05BF-3F9A-9678-E936A6EB356B}"
	ProjectSection(ProjectDependencies) = postProject
		{FCFEEFA6-1F31-3837-8777-6904B647D11D} = {FCFEEFA6-1F31-3837-8777-6904B647D11D}
		{238CF187-5003-38DB-92C4-97379C2C0BFA} = {238CF187-5003-38DB-92C4-97379C2C0BFA}
	EndProjectSection
EndProject
Project("{8BC9CEB8-8B4A-11D0-8D11-00A0C91BC942}") = "icon", "tests\icon.vcxproj", "{191FFEC3-B027-366E-B906-733933D87DD8}"
	ProjectSection(ProjectDependencies) = postProject
		{FCFEEFA6-1F31-3837-8777-6904B647D11D} = {FCFEEFA6-1F31-3837-8777-6904B647D11D}
		{238CF187-5003-38DB-92C4-97379C2C0BFA} = {238CF187-5003-38DB-92C4-97379C2C0BFA}
	EndProjectSection
EndProject
Project("{8BC9CEB8-8B4A-11D0-8D11-00A0C91BC942}") = "iconify", "tests\iconify.vcxproj", "{65B597A5-C1A3-3273-9D5B-53D5CCE70B46}"
	ProjectSection(ProjectDependencies) = postProject
		{FCFEEFA6-1F31-3837-8777-6904B647D11D} = {FCFEEFA6-1F31-3837-8777-6904B647D11D}
		{238CF187-5003-38DB-92C4-97379C2C0BFA} = {238CF187-5003-38DB-92C4-97379C2C0BFA}
	EndProjectSection
EndProject
Project("{8BC9CEB8-8B4A-11D0-8D11-00A0C91BC942}") = "inputlag", "tests\inputlag.vcxproj", "{490AE574-7033-3415-8CBE-62C53DB27094}"
	ProjectSection(ProjectDependencies) = postProject
		{FCFEEFA6-1F31-3837-8777-6904B647D11D} = {FCFEEFA6-1F31-3837-8777-6904B647D11D}
		{238CF187-5003-38DB-92C4-97379C2C0BFA} = {238CF187-5003-38DB-92C4-97379C2C0BFA}
	EndProjectSection
EndProject
Project("{8BC9CEB8-8B4A-11D0-8D11-00A0C91BC942}") = "joysticks", "tests\joysticks.vcxproj", "{3877ACC4-66F8-39C5-87E9-DA1682E357CD}"
	ProjectSection(ProjectDependencies) = postProject
		{FCFEEFA6-1F31-3837-8777-6904B647D11D} = {FCFEEFA6-1F31-3837-8777-6904B647D11D}
		{238CF187-5003-38DB-92C4-97379C2C0BFA} = {238CF187-5003-38DB-92C4-97379C2C0BFA}
	EndProjectSection
EndProject
Project("{8BC9CEB8-8B4A-11D0-8D11-00A0C91BC942}") = "monitors", "tests\monitors.vcxproj", "{8C0CBC65-C4B8-3905-A806-3BEC05B692BE}"
	ProjectSection(ProjectDependencies) = postProject
		{FCFEEFA6-1F31-3837-8777-6904B647D11D} = {FCFEEFA6-1F31-3837-8777-6904B647D11D}
		{238CF187-5003-38DB-92C4-97379C2C0BFA} = {238CF187-5003-38DB-92C4-97379C2C0BFA}
	EndProjectSection
EndProject
Project("{8BC9CEB8-8B4A-11D0-8D11-00A0C91BC942}") = "msaa", "tests\msaa.vcxproj", "{A5D0A909-8FD3-34CD-B5C7-94EB7AAD47A4}"
	ProjectSection(ProjectDependencies) = postProject
		{FCFEEFA6-1F31-3837-8777-6904B647D11D} = {FCFEEFA6-1F31-3837-8777-6904B647D11D}
		{238CF187-5003-38DB-92C4-97379C2C0BFA} = {238CF187-5003-38DB-92C4-97379C2C0BFA}
	EndProjectSection
EndProject
Project("{8BC9CEB8-8B4A-11D0-8D11-00A0C91BC942}") = "offscreen", "examples\offscreen.vcxproj", "{0831EC8F-C935-33DE-87D0-960EA0CA235B}"
	ProjectSection(ProjectDependencies) = postProject
		{FCFEEFA6-1F31-3837-8777-6904B647D11D} = {FCFEEFA6-1F31-3837-8777-6904B647D11D}
		{238CF187-5003-38DB-92C4-97379C2C0BFA} = {238CF187-5003-38DB-92C4-97379C2C0BFA}
	EndProjectSection
EndProject
Project("{8BC9CEB8-8B4A-11D0-8D11-00A0C91BC942}") = "opacity", "tests\opacity.vcxproj", "{C762F5C1-B23E-340E-82BB-503E18E288EB}"
	ProjectSection(ProjectDependencies) = postProject
		{FCFEEFA6-1F31-3837-8777-6904B647D11D} = {FCFEEFA6-1F31-3837-8777-6904B647D11D}
		{238CF187-5003-38DB-92C4-97379C2C0BFA} = {238CF187-5003-38DB-92C4-97379C2C0BFA}
	EndProjectSection
EndProject
Project("{8BC9CEB8-8B4A-11D0-8D11-00A0C91BC942}") = "particles", "examples\particles.vcxproj", "{5C074EB3-AB34-3E32-819F-8151E9C260C4}"
	ProjectSection(ProjectDependencies) = postProject
		{FCFEEFA6-1F31-3837-8777-6904B647D11D} = {FCFEEFA6-1F31-3837-8777-6904B647D11D}
		{238CF187-5003-38DB-92C4-97379C2C0BFA} = {238CF187-5003-38DB-92C4-97379C2C0BFA}
	EndProjectSection
EndProject
Project("{8BC9CEB8-8B4A-11D0-8D11-00A0C91BC942}") = "reopen", "tests\reopen.vcxproj", "{DF7960CE-E9AC-37F7-963A-445CE60EB46B}"
	ProjectSection(ProjectDependencies) = postProject
		{FCFEEFA6-1F31-3837-8777-6904B647D11D} = {FCFEEFA6-1F31-3837-8777-6904B647D11D}
		{238CF187-5003-38DB-92C4-97379C2C0BFA} = {238CF187-5003-38DB-92C4-97379C2C0BFA}
	EndProjectSection
EndProject
Project("{8BC9CEB8-8B4A-11D0-8D11-00A0C91BC942}") = "sharing", "examples\sharing.vcxproj", "{5BCDA735-9B61-3B2A-AEF9-DB88287F0AD9}"
	ProjectSection(ProjectDependencies) = postProject
		{FCFEEFA6-1F31-3837-8777-6904B647D11D} = {FCFEEFA6-1F31-3837-8777-6904B647D11D}
		{238CF187-5003-38DB-92C4-97379C2C0BFA} = {238CF187-5003-38DB-92C4-97379C2C0BFA}
	EndProjectSection
EndProject
Project("{8BC9CEB8-8B4A-11D0-8D11-00A0C91BC942}") = "simple", "examples\simple.vcxproj", "{94F3E04B-0A36-3710-92AA-E5249FC9A74E}"
	ProjectSection(ProjectDependencies) = postProject
		{FCFEEFA6-1F31-3837-8777-6904B647D11D} = {FCFEEFA6-1F31-3837-8777-6904B647D11D}
		{238CF187-5003-38DB-92C4-97379C2C0BFA} = {238CF187-5003-38DB-92C4-97379C2C0BFA}
	EndProjectSection
EndProject
Project("{8BC9CEB8-8B4A-11D0-8D11-00A0C91BC942}") = "splitview", "examples\splitview.vcxproj", "{6D426AB1-6B7A-3DF4-8806-140FA613E389}"
	ProjectSection(ProjectDependencies) = postProject
		{FCFEEFA6-1F31-3837-8777-6904B647D11D} = {FCFEEFA6-1F31-3837-8777-6904B647D11D}
		{238CF187-5003-38DB-92C4-97379C2C0BFA} = {238CF187-5003-38DB-92C4-97379C2C0BFA}
	EndProjectSection
EndProject
Project("{8BC9CEB8-8B4A-11D0-8D11-00A0C91BC942}") = "tearing", "tests\tearing.vcxproj", "{1094A165-F31E-3C71-B883-3DB1E316DDD7}"
	ProjectSection(ProjectDependencies) = postProject
		{FCFEEFA6-1F31-3837-8777-6904B647D11D} = {FCFEEFA6-1F31-3837-8777-6904B647D11D}
		{238CF187-5003-38DB-92C4-97379C2C0BFA} = {238CF187-5003-38DB-92C4-97379C2C0BFA}
	EndProjectSection
EndProject
Project("{8BC9CEB8-8B4A-11D0-8D11-00A0C91BC942}") = "threads", "tests\threads.vcxproj", "{401C96F2-7E5B-38BA-8731-CD9940037215}"
	ProjectSection(ProjectDependencies) = postProject
		{FCFEEFA6-1F31-3837-8777-6904B647D11D} = {FCFEEFA6-1F31-3837-8777-6904B647D11D}
		{238CF187-5003-38DB-92C4-97379C2C0BFA} = {238CF187-5003-38DB-92C4-97379C2C0BFA}
	EndProjectSection
EndProject
Project("{8BC9CEB8-8B4A-11D0-8D11-00A0C91BC942}") = "timeout", "tests\timeout.vcxproj", "{BE4923F6-7941-3016-A9E7-9A7F674FD0D4}"
	ProjectSection(ProjectDependencies) = postProject
		{FCFEEFA6-1F31-3837-8777-6904B647D11D} = {FCFEEFA6-1F31-3837-8777-6904B647D11D}
		{238CF187-5003-38DB-92C4-97379C2C0BFA} = {238CF187-5003-38DB-92C4-97379C2C0BFA}
	EndProjectSection
EndProject
Project("{8BC9CEB8-8B4A-11D0-8D11-00A0C91BC942}") = "title", "tests\title.vcxproj", "{94F005A2-F7A4-3A22-9E1E-61E3712741E6}"
	ProjectSection(ProjectDependencies) = postProject
		{FCFEEFA6-1F31-3837-8777-6904B647D11D} = {FCFEEFA6-1F31-3837-8777-6904B647D11D}
		{238CF187-5003-38DB-92C4-97379C2C0BFA} = {238CF187-5003-38DB-92C4-97379C2C0BFA}
	EndProjectSection
EndProject
Project("{8BC9CEB8-8B4A-11D0-8D11-00A0C91BC942}") = "triangle-vulkan", "tests\triangle-vulkan.vcxproj", "{5FE89EC8-3E59-3E74-9EAC-97D21792FF0D}"
	ProjectSection(ProjectDependencies) = postProject
		{FCFEEFA6-1F31-3837-8777-6904B647D11D} = {FCFEEFA6-1F31-3837-8777-6904B647D11D}
		{238CF187-5003-38DB-92C4-97379C2C0BFA} = {238CF187-5003-38DB-92C4-97379C2C0BFA}
	EndProjectSection
EndProject
Project("{8BC9CEB8-8B4A-11D0-8D11-00A0C91BC942}") = "uninstall", "uninstall.vcxproj", "{576C4309-E054-329B-9D40-7C4494628A68}"
	ProjectSection(ProjectDependencies) = postProject
		{FCFEEFA6-1F31-3837-8777-6904B647D11D} = {FCFEEFA6-1F31-3837-8777-6904B647D11D}
	EndProjectSection
EndProject
Project("{8BC9CEB8-8B4A-11D0-8D11-00A0C91BC942}") = "wave", "examples\wave.vcxproj", "{B8718AEA-92B9-336D-A810-55F7FCB7FCCA}"
	ProjectSection(ProjectDependencies) = postProject
		{FCFEEFA6-1F31-3837-8777-6904B647D11D} = {FCFEEFA6-1F31-3837-8777-6904B647D11D}
		{238CF187-5003-38DB-92C4-97379C2C0BFA} = {238CF187-5003-38DB-92C4-97379C2C0BFA}
	EndProjectSection
EndProject
Project("{8BC9CEB8-8B4A-11D0-8D11-00A0C91BC942}") = "windows", "tests\windows.vcxproj", "{549022C7-ED96-3066-B58D-C28168B37FAB}"
	ProjectSection(ProjectDependencies) = postProject
		{FCFEEFA6-1F31-3837-8777-6904B647D11D} = {FCFEEFA6-1F31-3837-8777-6904B647D11D}
		{238CF187-5003-38DB-92C4-97379C2C0BFA} = {238CF187-5003-38DB-92C4-97379C2C0BFA}
	EndProjectSection
EndProject
Global
	GlobalSection(SolutionConfigurationPlatforms) = preSolution
		Debug|Win32 = Debug|Win32
		Release|Win32 = Release|Win32
		MinSizeRel|Win32 = MinSizeRel|Win32
		RelWithDebInfo|Win32 = RelWithDebInfo|Win32
	EndGlobalSection
	GlobalSection(ProjectConfigurationPlatforms) = postSolution
		{40F3F6E4-620F-3889-B9E0-A61E6164CB0F}.Debug|Win32.ActiveCfg = Debug|Win32
		{40F3F6E4-620F-3889-B9E0-A61E6164CB0F}.Debug|Win32.Build.0 = Debug|Win32
		{40F3F6E4-620F-3889-B9E0-A61E6164CB0F}.Release|Win32.ActiveCfg = Release|Win32
		{40F3F6E4-620F-3889-B9E0-A61E6164CB0F}.Release|Win32.Build.0 = Release|Win32
		{40F3F6E4-620F-3889-B9E0-A61E6164CB0F}.MinSizeRel|Win32.ActiveCfg = MinSizeRel|Win32
		{40F3F6E4-620F-3889-B9E0-A61E6164CB0F}.MinSizeRel|Win32.Build.0 = MinSizeRel|Win32
		{40F3F6E4-620F-3889-B9E0-A61E6164CB0F}.RelWithDebInfo|Win32.ActiveCfg = RelWithDebInfo|Win32
		{40F3F6E4-620F-3889-B9E0-A61E6164CB0F}.RelWithDebInfo|Win32.Build.0 = RelWithDebInfo|Win32
		{7396099A-9F2C-38A6-9619-A8F9557BCD59}.Debug|Win32.ActiveCfg = Debug|Win32
		{7396099A-9F2C-38A6-9619-A8F9557BCD59}.Release|Win32.ActiveCfg = Release|Win32
		{7396099A-9F2C-38A6-9619-A8F9557BCD59}.MinSizeRel|Win32.ActiveCfg = MinSizeRel|Win32
		{7396099A-9F2C-38A6-9619-A8F9557BCD59}.RelWithDebInfo|Win32.ActiveCfg = RelWithDebInfo|Win32
		{FCFEEFA6-1F31-3837-8777-6904B647D11D}.Debug|Win32.ActiveCfg = Debug|Win32
		{FCFEEFA6-1F31-3837-8777-6904B647D11D}.Debug|Win32.Build.0 = Debug|Win32
		{FCFEEFA6-1F31-3837-8777-6904B647D11D}.Release|Win32.ActiveCfg = Release|Win32
		{FCFEEFA6-1F31-3837-8777-6904B647D11D}.Release|Win32.Build.0 = Release|Win32
		{FCFEEFA6-1F31-3837-8777-6904B647D11D}.MinSizeRel|Win32.ActiveCfg = MinSizeRel|Win32
		{FCFEEFA6-1F31-3837-8777-6904B647D11D}.MinSizeRel|Win32.Build.0 = MinSizeRel|Win32
		{FCFEEFA6-1F31-3837-8777-6904B647D11D}.RelWithDebInfo|Win32.ActiveCfg = RelWithDebInfo|Win32
		{FCFEEFA6-1F31-3837-8777-6904B647D11D}.RelWithDebInfo|Win32.Build.0 = RelWithDebInfo|Win32
		{E828A4BC-7361-38B6-9D68-3C646F5EC4CD}.Debug|Win32.ActiveCfg = Debug|Win32
		{E828A4BC-7361-38B6-9D68-3C646F5EC4CD}.Debug|Win32.Build.0 = Debug|Win32
		{E828A4BC-7361-38B6-9D68-3C646F5EC4CD}.Release|Win32.ActiveCfg = Release|Win32
		{E828A4BC-7361-38B6-9D68-3C646F5EC4CD}.Release|Win32.Build.0 = Release|Win32
		{E828A4BC-7361-38B6-9D68-3C646F5EC4CD}.MinSizeRel|Win32.ActiveCfg = MinSizeRel|Win32
		{E828A4BC-7361-38B6-9D68-3C646F5EC4CD}.MinSizeRel|Win32.Build.0 = MinSizeRel|Win32
		{E828A4BC-7361-38B6-9D68-3C646F5EC4CD}.RelWithDebInfo|Win32.ActiveCfg = RelWithDebInfo|Win32
		{E828A4BC-7361-38B6-9D68-3C646F5EC4CD}.RelWithDebInfo|Win32.Build.0 = RelWithDebInfo|Win32
		{A65EB09F-4E12-3BDE-B707-4EAF4404F447}.Debug|Win32.ActiveCfg = Debug|Win32
		{A65EB09F-4E12-3BDE-B707-4EAF4404F447}.Debug|Win32.Build.0 = Debug|Win32
		{A65EB09F-4E12-3BDE-B707-4EAF4404F447}.Release|Win32.ActiveCfg = Release|Win32
		{A65EB09F-4E12-3BDE-B707-4EAF4404F447}.Release|Win32.Build.0 = Release|Win32
		{A65EB09F-4E12-3BDE-B707-4EAF4404F447}.MinSizeRel|Win32.ActiveCfg = MinSizeRel|Win32
		{A65EB09F-4E12-3BDE-B707-4EAF4404F447}.MinSizeRel|Win32.Build.0 = MinSizeRel|Win32
		{A65EB09F-4E12-3BDE-B707-4EAF4404F447}.RelWithDebInfo|Win32.ActiveCfg = RelWithDebInfo|Win32
		{A65EB09F-4E12-3BDE-B707-4EAF4404F447}.RelWithDebInfo|Win32.Build.0 = RelWithDebInfo|Win32
		{33BB4EDB-81DB-3A0C-B806-ADBFA0243B80}.Debug|Win32.ActiveCfg = Debug|Win32
		{33BB4EDB-81DB-3A0C-B806-ADBFA0243B80}.Debug|Win32.Build.0 = Debug|Win32
		{33BB4EDB-81DB-3A0C-B806-ADBFA0243B80}.Release|Win32.ActiveCfg = Release|Win32
		{33BB4EDB-81DB-3A0C-B806-ADBFA0243B80}.Release|Win32.Build.0 = Release|Win32
		{33BB4EDB-81DB-3A0C-B806-ADBFA0243B80}.MinSizeRel|Win32.ActiveCfg = MinSizeRel|Win32
		{33BB4EDB-81DB-3A0C-B806-ADBFA0243B80}.MinSizeRel|Win32.Build.0 = MinSizeRel|Win32
		{33BB4EDB-81DB-3A0C-B806-ADBFA0243B80}.RelWithDebInfo|Win32.ActiveCfg = RelWithDebInfo|Win32
		{33BB4EDB-81DB-3A0C-B806-ADBFA0243B80}.RelWithDebInfo|Win32.Build.0 = RelWithDebInfo|Win32
		{08B54B8C-8C8F-3A08-815B-A9D544D9DB30}.Debug|Win32.ActiveCfg = Debug|Win32
		{08B54B8C-8C8F-3A08-815B-A9D544D9DB30}.Debug|Win32.Build.0 = Debug|Win32
		{08B54B8C-8C8F-3A08-815B-A9D544D9DB30}.Release|Win32.ActiveCfg = Release|Win32
		{08B54B8C-8C8F-3A08-815B-A9D544D9DB30}.Release|Win32.Build.0 = Release|Win32
		{08B54B8C-8C8F-3A08-815B-A9D544D9DB30}.MinSizeRel|Win32.ActiveCfg = MinSizeRel|Win32
		{08B54B8C-8C8F-3A08-815B-A9D544D9DB30}.MinSizeRel|Win32.Build.0 = MinSizeRel|Win32
		{08B54B8C-8C8F-3A08-815B-A9D544D9DB30}.RelWithDebInfo|Win32.ActiveCfg = RelWithDebInfo|Win32
		{08B54B8C-8C8F-3A08-815B-A9D544D9DB30}.RelWithDebInfo|Win32.Build.0 = RelWithDebInfo|Win32
		{2244EDA9-AF1E-3F2D-B9C0-C9ED031333C5}.Debug|Win32.ActiveCfg = Debug|Win32
		{2244EDA9-AF1E-3F2D-B9C0-C9ED031333C5}.Debug|Win32.Build.0 = Debug|Win32
		{2244EDA9-AF1E-3F2D-B9C0-C9ED031333C5}.Release|Win32.ActiveCfg = Release|Win32
		{2244EDA9-AF1E-3F2D-B9C0-C9ED031333C5}.Release|Win32.Build.0 = Release|Win32
		{2244EDA9-AF1E-3F2D-B9C0-C9ED031333C5}.MinSizeRel|Win32.ActiveCfg = MinSizeRel|Win32
		{2244EDA9-AF1E-3F2D-B9C0-C9ED031333C5}.MinSizeRel|Win32.Build.0 = MinSizeRel|Win32
		{2244EDA9-AF1E-3F2D-B9C0-C9ED031333C5}.RelWithDebInfo|Win32.ActiveCfg = RelWithDebInfo|Win32
		{2244EDA9-AF1E-3F2D-B9C0-C9ED031333C5}.RelWithDebInfo|Win32.Build.0 = RelWithDebInfo|Win32
		{28328244-6FCB-3CB2-B00A-C5771617191F}.Debug|Win32.ActiveCfg = Debug|Win32
		{28328244-6FCB-3CB2-B00A-C5771617191F}.Debug|Win32.Build.0 = Debug|Win32
		{28328244-6FCB-3CB2-B00A-C5771617191F}.Release|Win32.ActiveCfg = Release|Win32
		{28328244-6FCB-3CB2-B00A-C5771617191F}.Release|Win32.Build.0 = Release|Win32
		{28328244-6FCB-3CB2-B00A-C5771617191F}.MinSizeRel|Win32.ActiveCfg = MinSizeRel|Win32
		{28328244-6FCB-3CB2-B00A-C5771617191F}.MinSizeRel|Win32.Build.0 = MinSizeRel|Win32
		{28328244-6FCB-3CB2-B00A-C5771617191F}.RelWithDebInfo|Win32.ActiveCfg = RelWithDebInfo|Win32
		{28328244-6FCB-3CB2-B00A-C5771617191F}.RelWithDebInfo|Win32.Build.0 = RelWithDebInfo|Win32
		{4C2BD494-7F50-377D-9F12-24438E4C5616}.Debug|Win32.ActiveCfg = Debug|Win32
		{4C2BD494-7F50-377D-9F12-24438E4C5616}.Debug|Win32.Build.0 = Debug|Win32
		{4C2BD494-7F50-377D-9F12-24438E4C5616}.Release|Win32.ActiveCfg = Release|Win32
		{4C2BD494-7F50-377D-9F12-24438E4C5616}.Release|Win32.Build.0 = Release|Win32
		{4C2BD494-7F50-377D-9F12-24438E4C5616}.MinSizeRel|Win32.ActiveCfg = MinSizeRel|Win32
		{4C2BD494-7F50-377D-9F12-24438E4C5616}.MinSizeRel|Win32.Build.0 = MinSizeRel|Win32
		{4C2BD494-7F50-377D-9F12-24438E4C5616}.RelWithDebInfo|Win32.ActiveCfg = RelWithDebInfo|Win32
		{4C2BD494-7F50-377D-9F12-24438E4C5616}.RelWithDebInfo|Win32.Build.0 = RelWithDebInfo|Win32
		{238CF187-5003-38DB-92C4-97379C2C0BFA}.Debug|Win32.ActiveCfg = Debug|Win32
		{238CF187-5003-38DB-92C4-97379C2C0BFA}.Debug|Win32.Build.0 = Debug|Win32
		{238CF187-5003-38DB-92C4-97379C2C0BFA}.Release|Win32.ActiveCfg = Release|Win32
		{238CF187-5003-38DB-92C4-97379C2C0BFA}.Release|Win32.Build.0 = Release|Win32
		{238CF187-5003-38DB-92C4-97379C2C0BFA}.MinSizeRel|Win32.ActiveCfg = MinSizeRel|Win32
		{238CF187-5003-38DB-92C4-97379C2C0BFA}.MinSizeRel|Win32.Build.0 = MinSizeRel|Win32
		{238CF187-5003-38DB-92C4-97379C2C0BFA}.RelWithDebInfo|Win32.ActiveCfg = RelWithDebInfo|Win32
		{238CF187-5003-38DB-92C4-97379C2C0BFA}.RelWithDebInfo|Win32.Build.0 = RelWithDebInfo|Win32
		{0133B4E5-233E-39B3-B3A9-7D4E3E5D0D6A}.Debug|Win32.ActiveCfg = Debug|Win32
		{0133B4E5-233E-39B3-B3A9-7D4E3E5D0D6A}.Debug|Win32.Build.0 = Debug|Win32
		{0133B4E5-233E-39B3-B3A9-7D4E3E5D0D6A}.Release|Win32.ActiveCfg = Release|Win32
		{0133B4E5-233E-39B3-B3A9-7D4E3E5D0D6A}.Release|Win32.Build.0 = Release|Win32
		{0133B4E5-233E-39B3-B3A9-7D4E3E5D0D6A}.MinSizeRel|Win32.ActiveCfg = MinSizeRel|Win32
		{0133B4E5-233E-39B3-B3A9-7D4E3E5D0D6A}.MinSizeRel|Win32.Build.0 = MinSizeRel|Win32
		{0133B4E5-233E-39B3-B3A9-7D4E3E5D0D6A}.RelWithDebInfo|Win32.ActiveCfg = RelWithDebInfo|Win32
		{0133B4E5-233E-39B3-B3A9-7D4E3E5D0D6A}.RelWithDebInfo|Win32.Build.0 = RelWithDebInfo|Win32
		{5C88570A-05BF-3F9A-9678-E936A6EB356B}.Debug|Win32.ActiveCfg = Debug|Win32
		{5C88570A-05BF-3F9A-9678-E936A6EB356B}.Debug|Win32.Build.0 = Debug|Win32
		{5C88570A-05BF-3F9A-9678-E936A6EB356B}.Release|Win32.ActiveCfg = Release|Win32
		{5C88570A-05BF-3F9A-9678-E936A6EB356B}.Release|Win32.Build.0 = Release|Win32
		{5C88570A-05BF-3F9A-9678-E936A6EB356B}.MinSizeRel|Win32.ActiveCfg = MinSizeRel|Win32
		{5C88570A-05BF-3F9A-9678-E936A6EB356B}.MinSizeRel|Win32.Build.0 = MinSizeRel|Win32
		{5C88570A-05BF-3F9A-9678-E936A6EB356B}.RelWithDebInfo|Win32.ActiveCfg = RelWithDebInfo|Win32
		{5C88570A-05BF-3F9A-9678-E936A6EB356B}.RelWithDebInfo|Win32.Build.0 = RelWithDebInfo|Win32
		{191FFEC3-B027-366E-B906-733933D87DD8}.Debug|Win32.ActiveCfg = Debug|Win32
		{191FFEC3-B027-366E-B906-733933D87DD8}.Debug|Win32.Build.0 = Debug|Win32
		{191FFEC3-B027-366E-B906-733933D87DD8}.Release|Win32.ActiveCfg = Release|Win32
		{191FFEC3-B027-366E-B906-733933D87DD8}.Release|Win32.Build.0 = Release|Win32
		{191FFEC3-B027-366E-B906-733933D87DD8}.MinSizeRel|Win32.ActiveCfg = MinSizeRel|Win32
		{191FFEC3-B027-366E-B906-733933D87DD8}.MinSizeRel|Win32.Build.0 = MinSizeRel|Win32
		{191FFEC3-B027-366E-B906-733933D87DD8}.RelWithDebInfo|Win32.ActiveCfg = RelWithDebInfo|Win32
		{191FFEC3-B027-366E-B906-733933D87DD8}.RelWithDebInfo|Win32.Build.0 = RelWithDebInfo|Win32
		{65B597A5-C1A3-3273-9D5B-53D5CCE70B46}.Debug|Win32.ActiveCfg = Debug|Win32
		{65B597A5-C1A3-3273-9D5B-53D5CCE70B46}.Debug|Win32.Build.0 = Debug|Win32
		{65B597A5-C1A3-3273-9D5B-53D5CCE70B46}.Release|Win32.ActiveCfg = Release|Win32
		{65B597A5-C1A3-3273-9D5B-53D5CCE70B46}.Release|Win32.Build.0 = Release|Win32
		{65B597A5-C1A3-3273-9D5B-53D5CCE70B46}.MinSizeRel|Win32.ActiveCfg = MinSizeRel|Win32
		{65B597A5-C1A3-3273-9D5B-53D5CCE70B46}.MinSizeRel|Win32.Build.0 = MinSizeRel|Win32
		{65B597A5-C1A3-3273-9D5B-53D5CCE70B46}.RelWithDebInfo|Win32.ActiveCfg = RelWithDebInfo|Win32
		{65B597A5-C1A3-3273-9D5B-53D5CCE70B46}.RelWithDebInfo|Win32.Build.0 = RelWithDebInfo|Win32
		{490AE574-7033-3415-8CBE-62C53DB27094}.Debug|Win32.ActiveCfg = Debug|Win32
		{490AE574-7033-3415-8CBE-62C53DB27094}.Debug|Win32.Build.0 = Debug|Win32
		{490AE574-7033-3415-8CBE-62C53DB27094}.Release|Win32.ActiveCfg = Release|Win32
		{490AE574-7033-3415-8CBE-62C53DB27094}.Release|Win32.Build.0 = Release|Win32
		{490AE574-7033-3415-8CBE-62C53DB27094}.MinSizeRel|Win32.ActiveCfg = MinSizeRel|Win32
		{490AE574-7033-3415-8CBE-62C53DB27094}.MinSizeRel|Win32.Build.0 = MinSizeRel|Win32
		{490AE574-7033-3415-8CBE-62C53DB27094}.RelWithDebInfo|Win32.ActiveCfg = RelWithDebInfo|Win32
		{490AE574-7033-3415-8CBE-62C53DB27094}.RelWithDebInfo|Win32.Build.0 = RelWithDebInfo|Win32
		{3877ACC4-66F8-39C5-87E9-DA1682E357CD}.Debug|Win32.ActiveCfg = Debug|Win32
		{3877ACC4-66F8-39C5-87E9-DA1682E357CD}.Debug|Win32.Build.0 = Debug|Win32
		{3877ACC4-66F8-39C5-87E9-DA1682E357CD}.Release|Win32.ActiveCfg = Release|Win32
		{3877ACC4-66F8-39C5-87E9-DA1682E357CD}.Release|Win32.Build.0 = Release|Win32
		{3877ACC4-66F8-39C5-87E9-DA1682E357CD}.MinSizeRel|Win32.ActiveCfg = MinSizeRel|Win32
		{3877ACC4-66F8-39C5-87E9-DA1682E357CD}.MinSizeRel|Win32.Build.0 = MinSizeRel|Win32
		{3877ACC4-66F8-39C5-87E9-DA1682E357CD}.RelWithDebInfo|Win32.ActiveCfg = RelWithDebInfo|Win32
		{3877ACC4-66F8-39C5-87E9-DA1682E357CD}.RelWithDebInfo|Win32.Build.0 = RelWithDebInfo|Win32
		{8C0CBC65-C4B8-3905-A806-3BEC05B692BE}.Debug|Win32.ActiveCfg = Debug|Win32
		{8C0CBC65-C4B8-3905-A806-3BEC05B692BE}.Debug|Win32.Build.0 = Debug|Win32
		{8C0CBC65-C4B8-3905-A806-3BEC05B692BE}.Release|Win32.ActiveCfg = Release|Win32
		{8C0CBC65-C4B8-3905-A806-3BEC05B692BE}.Release|Win32.Build.0 = Release|Win32
		{8C0CBC65-C4B8-3905-A806-3BEC05B692BE}.MinSizeRel|Win32.ActiveCfg = MinSizeRel|Win32
		{8C0CBC65-C4B8-3905-A806-3BEC05B692BE}.MinSizeRel|Win32.Build.0 = MinSizeRel|Win32
		{8C0CBC65-C4B8-3905-A806-3BEC05B692BE}.RelWithDebInfo|Win32.ActiveCfg = RelWithDebInfo|Win32
		{8C0CBC65-C4B8-3905-A806-3BEC05B692BE}.RelWithDebInfo|Win32.Build.0 = RelWithDebInfo|Win32
		{A5D0A909-8FD3-34CD-B5C7-94EB7AAD47A4}.Debug|Win32.ActiveCfg = Debug|Win32
		{A5D0A909-8FD3-34CD-B5C7-94EB7AAD47A4}.Debug|Win32.Build.0 = Debug|Win32
		{A5D0A909-8FD3-34CD-B5C7-94EB7AAD47A4}.Release|Win32.ActiveCfg = Release|Win32
		{A5D0A909-8FD3-34CD-B5C7-94EB7AAD47A4}.Release|Win32.Build.0 = Release|Win32
		{A5D0A909-8FD3-34CD-B5C7-94EB7AAD47A4}.MinSizeRel|Win32.ActiveCfg = MinSizeRel|Win32
		{A5D0A909-8FD3-34CD-B5C7-94EB7AAD47A4}.MinSizeRel|Win32.Build.0 = MinSizeRel|Win32
		{A5D0A909-8FD3-34CD-B5C7-94EB7AAD47A4}.RelWithDebInfo|Win32.ActiveCfg = RelWithDebInfo|Win32
		{A5D0A909-8FD3-34CD-B5C7-94EB7AAD47A4}.RelWithDebInfo|Win32.Build.0 = RelWithDebInfo|Win32
		{0831EC8F-C935-33DE-87D0-960EA0CA235B}.Debug|Win32.ActiveCfg = Debug|Win32
		{0831EC8F-C935-33DE-87D0-960EA0CA235B}.Debug|Win32.Build.0 = Debug|Win32
		{0831EC8F-C935-33DE-87D0-960EA0CA235B}.Release|Win32.ActiveCfg = Release|Win32
		{0831EC8F-C935-33DE-87D0-960EA0CA235B}.Release|Win32.Build.0 = Release|Win32
		{0831EC8F-C935-33DE-87D0-960EA0CA235B}.MinSizeRel|Win32.ActiveCfg = MinSizeRel|Win32
		{0831EC8F-C935-33DE-87D0-960EA0CA235B}.MinSizeRel|Win32.Build.0 = MinSizeRel|Win32
		{0831EC8F-C935-33DE-87D0-960EA0CA235B}.RelWithDebInfo|Win32.ActiveCfg = RelWithDebInfo|Win32
		{0831EC8F-C935-33DE-87D0-960EA0CA235B}.RelWithDebInfo|Win32.Build.0 = RelWithDebInfo|Win32
		{C762F5C1-B23E-340E-82BB-503E18E288EB}.Debug|Win32.ActiveCfg = Debug|Win32
		{C762F5C1-B23E-340E-82BB-503E18E288EB}.Debug|Win32.Build.0 = Debug|Win32
		{C762F5C1-B23E-340E-82BB-503E18E288EB}.Release|Win32.ActiveCfg = Release|Win32
		{C762F5C1-B23E-340E-82BB-503E18E288EB}.Release|Win32.Build.0 = Release|Win32
		{C762F5C1-B23E-340E-82BB-503E18E288EB}.MinSizeRel|Win32.ActiveCfg = MinSizeRel|Win32
		{C762F5C1-B23E-340E-82BB-503E18E288EB}.MinSizeRel|Win32.Build.0 = MinSizeRel|Win32
		{C762F5C1-B23E-340E-82BB-503E18E288EB}.RelWithDebInfo|Win32.ActiveCfg = RelWithDebInfo|Win32
		{C762F5C1-B23E-340E-82BB-503E18E288EB}.RelWithDebInfo|Win32.Build.0 = RelWithDebInfo|Win32
		{5C074EB3-AB34-3E32-819F-8151E9C260C4}.Debug|Win32.ActiveCfg = Debug|Win32
		{5C074EB3-AB34-3E32-819F-8151E9C260C4}.Debug|Win32.Build.0 = Debug|Win32
		{5C074EB3-AB34-3E32-819F-8151E9C260C4}.Release|Win32.ActiveCfg = Release|Win32
		{5C074EB3-AB34-3E32-819F-8151E9C260C4}.Release|Win32.Build.0 = Release|Win32
		{5C074EB3-AB34-3E32-819F-8151E9C260C4}.MinSizeRel|Win32.ActiveCfg = MinSizeRel|Win32
		{5C074EB3-AB34-3E32-819F-8151E9C260C4}.MinSizeRel|Win32.Build.0 = MinSizeRel|Win32
		{5C074EB3-AB34-3E32-819F-8151E9C260C4}.RelWithDebInfo|Win32.ActiveCfg = RelWithDebInfo|Win32
		{5C074EB3-AB34-3E32-819F-8151E9C260C4}.RelWithDebInfo|Win32.Build.0 = RelWithDebInfo|Win32
		{DF7960CE-E9AC-37F7-963A-445CE60EB46B}.Debug|Win32.ActiveCfg = Debug|Win32
		{DF7960CE-E9AC-37F7-963A-445CE60EB46B}.Debug|Win32.Build.0 = Debug|Win32
		{DF7960CE-E9AC-37F7-963A-445CE60EB46B}.Release|Win32.ActiveCfg = Release|Win32
		{DF7960CE-E9AC-37F7-963A-445CE60EB46B}.Release|Win32.Build.0 = Release|Win32
		{DF7960CE-E9AC-37F7-963A-445CE60EB46B}.MinSizeRel|Win32.ActiveCfg = MinSizeRel|Win32
		{DF7960CE-E9AC-37F7-963A-445CE60EB46B}.MinSizeRel|Win32.Build.0 = MinSizeRel|Win32
		{DF7960CE-E9AC-37F7-963A-445CE60EB46B}.RelWithDebInfo|Win32.ActiveCfg = RelWithDebInfo|Win32
		{DF7960CE-E9AC-37F7-963A-445CE60EB46B}.RelWithDebInfo|Win32.Build.0 = RelWithDebInfo|Win32
		{5BCDA735-9B61-3B2A-AEF9-DB88287F0AD9}.Debug|Win32.ActiveCfg = Debug|Win32
		{5BCDA735-9B61-3B2A-AEF9-DB88287F0AD9}.Debug|Win32.Build.0 = Debug|Win32
		{5BCDA735-9B61-3B2A-AEF9-DB88287F0AD9}.Release|Win32.ActiveCfg = Release|Win32
		{5BCDA735-9B61-3B2A-AEF9-DB88287F0AD9}.Release|Win32.Build.0 = Release|Win32
		{5BCDA735-9B61-3B2A-AEF9-DB88287F0AD9}.MinSizeRel|Win32.ActiveCfg = MinSizeRel|Win32
		{5BCDA735-9B61-3B2A-AEF9-DB88287F0AD9}.MinSizeRel|Win32.Build.0 = MinSizeRel|Win32
		{5BCDA735-9B61-3B2A-AEF9-DB88287F0AD9}.RelWithDebInfo|Win32.ActiveCfg = RelWithDebInfo|Win32
		{5BCDA735-9B61-3B2A-AEF9-DB88287F0AD9}.RelWithDebInfo|Win32.Build.0 = RelWithDebInfo|Win32
		{94F3E04B-0A36-3710-92AA-E5249FC9A74E}.Debug|Win32.ActiveCfg = Debug|Win32
		{94F3E04B-0A36-3710-92AA-E5249FC9A74E}.Debug|Win32.Build.0 = Debug|Win32
		{94F3E04B-0A36-3710-92AA-E5249FC9A74E}.Release|Win32.ActiveCfg = Release|Win32
		{94F3E04B-0A36-3710-92AA-E5249FC9A74E}.Release|Win32.Build.0 = Release|Win32
		{94F3E04B-0A36-3710-92AA-E5249FC9A74E}.MinSizeRel|Win32.ActiveCfg = MinSizeRel|Win32
		{94F3E04B-0A36-3710-92AA-E5249FC9A74E}.MinSizeRel|Win32.Build.0 = MinSizeRel|Win32
		{94F3E04B-0A36-3710-92AA-E5249FC9A74E}.RelWithDebInfo|Win32.ActiveCfg = RelWithDebInfo|Win32
		{94F3E04B-0A36-3710-92AA-E5249FC9A74E}.RelWithDebInfo|Win32.Build.0 = RelWithDebInfo|Win32
		{6D426AB1-6B7A-3DF4-8806-140FA613E389}.Debug|Win32.ActiveCfg = Debug|Win32
		{6D426AB1-6B7A-3DF4-8806-140FA613E389}.Debug|Win32.Build.0 = Debug|Win32
		{6D426AB1-6B7A-3DF4-8806-140FA613E389}.Release|Win32.ActiveCfg = Release|Win32
		{6D426AB1-6B7A-3DF4-8806-140FA613E389}.Release|Win32.Build.0 = Release|Win32
		{6D426AB1-6B7A-3DF4-8806-140FA613E389}.MinSizeRel|Win32.ActiveCfg = MinSizeRel|Win32
		{6D426AB1-6B7A-3DF4-8806-140FA613E389}.MinSizeRel|Win32.Build.0 = MinSizeRel|Win32
		{6D426AB1-6B7A-3DF4-8806-140FA613E389}.RelWithDebInfo|Win32.ActiveCfg = RelWithDebInfo|Win32
		{6D426AB1-6B7A-3DF4-8806-140FA613E389}.RelWithDebInfo|Win32.Build.0 = RelWithDebInfo|Win32
		{1094A165-F31E-3C71-B883-3DB1E316DDD7}.Debug|Win32.ActiveCfg = Debug|Win32
		{1094A165-F31E-3C71-B883-3DB1E316DDD7}.Debug|Win32.Build.0 = Debug|Win32
		{1094A165-F31E-3C71-B883-3DB1E316DDD7}.Release|Win32.ActiveCfg = Release|Win32
		{1094A165-F31E-3C71-B883-3DB1E316DDD7}.Release|Win32.Build.0 = Release|Win32
		{1094A165-F31E-3C71-B883-3DB1E316DDD7}.MinSizeRel|Win32.ActiveCfg = MinSizeRel|Win32
		{1094A165-F31E-3C71-B883-3DB1E316DDD7}.MinSizeRel|Win32.Build.0 = MinSizeRel|Win32
		{1094A165-F31E-3C71-B883-3DB1E316DDD7}.RelWithDebInfo|Win32.ActiveCfg = RelWithDebInfo|Win32
		{1094A165-F31E-3C71-B883-3DB1E316DDD7}.RelWithDebInfo|Win32.Build.0 = RelWithDebInfo|Win32
		{401C96F2-7E5B-38BA-8731-CD9940037215}.Debug|Win32.ActiveCfg = Debug|Win32
		{401C96F2-7E5B-38BA-8731-CD9940037215}.Debug|Win32.Build.0 = Debug|Win32
		{401C96F2-7E5B-38BA-8731-CD9940037215}.Release|Win32.ActiveCfg = Release|Win32
		{401C96F2-7E5B-38BA-8731-CD9940037215}.Release|Win32.Build.0 = Release|Win32
		{401C96F2-7E5B-38BA-8731-CD9940037215}.MinSizeRel|Win32.ActiveCfg = MinSizeRel|Win32
		{401C96F2-7E5B-38BA-8731-CD9940037215}.MinSizeRel|Win32.Build.0 = MinSizeRel|Win32
		{401C96F2-7E5B-38BA-8731-CD9940037215}.RelWithDebInfo|Win32.ActiveCfg = RelWithDebInfo|Win32
		{401C96F2-7E5B-38BA-8731-CD9940037215}.RelWithDebInfo|Win32.Build.0 = RelWithDebInfo|Win32
		{BE4923F6-7941-3016-A9E7-9A7F674FD0D4}.Debug|Win32.ActiveCfg = Debug|Win32
		{BE4923F6-7941-3016-A9E7-9A7F674FD0D4}.Debug|Win32.Build.0 = Debug|Win32
		{BE4923F6-7941-3016-A9E7-9A7F674FD0D4}.Release|Win32.ActiveCfg = Release|Win32
		{BE4923F6-7941-3016-A9E7-9A7F674FD0D4}.Release|Win32.Build.0 = Release|Win32
		{BE4923F6-7941-3016-A9E7-9A7F674FD0D4}.MinSizeRel|Win32.ActiveCfg = MinSizeRel|Win32
		{BE4923F6-7941-3016-A9E7-9A7F674FD0D4}.MinSizeRel|Win32.Build.0 = MinSizeRel|Win32
		{BE4923F6-7941-3016-A9E7-9A7F674FD0D4}.RelWithDebInfo|Win32.ActiveCfg = RelWithDebInfo|Win32
		{BE4923F6-7941-3016-A9E7-9A7F674FD0D4}.RelWithDebInfo|Win32.Build.0 = RelWithDebInfo|Win32
		{94F005A2-F7A4-3A22-9E1E-61E3712741E6}.Debug|Win32.ActiveCfg = Debug|Win32
		{94F005A2-F7A4-3A22-9E1E-61E3712741E6}.Debug|Win32.Build.0 = Debug|Win32
		{94F005A2-F7A4-3A22-9E1E-61E3712741E6}.Release|Win32.ActiveCfg = Release|Win32
		{94F005A2-F7A4-3A22-9E1E-61E3712741E6}.Release|Win32.Build.0 = Release|Win32
		{94F005A2-F7A4-3A22-9E1E-61E3712741E6}.MinSizeRel|Win32.ActiveCfg = MinSizeRel|Win32
		{94F005A2-F7A4-3A22-9E1E-61E3712741E6}.MinSizeRel|Win32.Build.0 = MinSizeRel|Win32
		{94F005A2-F7A4-3A22-9E1E-61E3712741E6}.RelWithDebInfo|Win32.ActiveCfg = RelWithDebInfo|Win32
		{94F005A2-F7A4-3A22-9E1E-61E3712741E6}.RelWithDebInfo|Win32.Build.0 = RelWithDebInfo|Win32
		{5FE89EC8-3E59-3E74-9EAC-97D21792FF0D}.Debug|Win32.ActiveCfg = Debug|Win32
		{5FE89EC8-3E59-3E74-9EAC-97D21792FF0D}.Debug|Win32.Build.0 = Debug|Win32
		{5FE89EC8-3E59-3E74-9EAC-97D21792FF0D}.Release|Win32.ActiveCfg = Release|Win32
		{5FE89EC8-3E59-3E74-9EAC-97D21792FF0D}.Release|Win32.Build.0 = Release|Win32
		{5FE89EC8-3E59-3E74-9EAC-97D21792FF0D}.MinSizeRel|Win32.ActiveCfg = MinSizeRel|Win32
		{5FE89EC8-3E59-3E74-9EAC-97D21792FF0D}.MinSizeRel|Win32.Build.0 = MinSizeRel|Win32
		{5FE89EC8-3E59-3E74-9EAC-97D21792FF0D}.RelWithDebInfo|Win32.ActiveCfg = RelWithDebInfo|Win32
		{5FE89EC8-3E59-3E74-9EAC-97D21792FF0D}.RelWithDebInfo|Win32.Build.0 = RelWithDebInfo|Win32
		{576C4309-E054-329B-9D40-7C4494628A68}.Debug|Win32.ActiveCfg = Debug|Win32
		{576C4309-E054-329B-9D40-7C4494628A68}.Release|Win32.ActiveCfg = Release|Win32
		{576C4309-E054-329B-9D40-7C4494628A68}.MinSizeRel|Win32.ActiveCfg = MinSizeRel|Win32
		{576C4309-E054-329B-9D40-7C4494628A68}.RelWithDebInfo|Win32.ActiveCfg = RelWithDebInfo|Win32
		{B8718AEA-92B9-336D-A810-55F7FCB7FCCA}.Debug|Win32.ActiveCfg = Debug|Win32
		{B8718AEA-92B9-336D-A810-55F7FCB7FCCA}.Debug|Win32.Build.0 = Debug|Win32
		{B8718AEA-92B9-336D-A810-55F7FCB7FCCA}.Release|Win32.ActiveCfg = Release|Win32
		{B8718AEA-92B9-336D-A810-55F7FCB7FCCA}.Release|Win32.Build.0 = Release|Win32
		{B8718AEA-92B9-336D-A810-55F7FCB7FCCA}.MinSizeRel|Win32.ActiveCfg = MinSizeRel|Win32
		{B8718AEA-92B9-336D-A810-55F7FCB7FCCA}.MinSizeRel|Win32.Build.0 = MinSizeRel|Win32
		{B8718AEA-92B9-336D-A810-55F7FCB7FCCA}.RelWithDebInfo|Win32.ActiveCfg = RelWithDebInfo|Win32
		{B8718AEA-92B9-336D-A810-55F7FCB7FCCA}.RelWithDebInfo|Win32.Build.0 = RelWithDebInfo|Win32
		{549022C7-ED96-3066-B58D-C28168B37FAB}.Debug|Win32.ActiveCfg = Debug|Win32
		{549022C7-ED96-3066-B58D-C28168B37FAB}.Debug|Win32.Build.0 = Debug|Win32
		{549022C7-ED96-3066-B58D-C28168B37FAB}.Release|Win32.ActiveCfg = Release|Win32
		{549022C7-ED96-3066-B58D-C28168B37FAB}.Release|Win32.Build.0 = Release|Win32
		{549022C7-ED96-3066-B58D-C28168B37FAB}.MinSizeRel|Win32.ActiveCfg = MinSizeRel|Win32
		{549022C7-ED96-3066-B58D-C28168B37FAB}.MinSizeRel|Win32.Build.0 = MinSizeRel|Win32
		{549022C7-ED96-3066-B58D-C28168B37FAB}.RelWithDebInfo|Win32.ActiveCfg = RelWithDebInfo|Win32
		{549022C7-ED96-3066-B58D-C28168B37FAB}.RelWithDebInfo|Win32.Build.0 = RelWithDebInfo|Win32
	EndGlobalSection
	GlobalSection(NestedProjects) = preSolution
		{40F3F6E4-620F-3889-B9E0-A61E6164CB0F} = {CB87E9C8-CC33-3E86-9763-8F8BC1E9AEDA}
		{7396099A-9F2C-38A6-9619-A8F9557BCD59} = {CB87E9C8-CC33-3E86-9763-8F8BC1E9AEDA}
		{FCFEEFA6-1F31-3837-8777-6904B647D11D} = {CB87E9C8-CC33-3E86-9763-8F8BC1E9AEDA}
		{52A90FA4-3E17-328D-AD23-ED6CE0CD3686} = {3D744708-7FE0-3CF7-987F-FADAF0E3F526}
		{F5101D0F-01D3-3DFD-8A24-07222AD6F957} = {3D744708-7FE0-3CF7-987F-FADAF0E3F526}
		{238CF187-5003-38DB-92C4-97379C2C0BFA} = {3D744708-7FE0-3CF7-987F-FADAF0E3F526}
		{576C4309-E054-329B-9D40-7C4494628A68} = {3D744708-7FE0-3CF7-987F-FADAF0E3F526}
		{E828A4BC-7361-38B6-9D68-3C646F5EC4CD} = {52A90FA4-3E17-328D-AD23-ED6CE0CD3686}
		{4C2BD494-7F50-377D-9F12-24438E4C5616} = {52A90FA4-3E17-328D-AD23-ED6CE0CD3686}
		{5C88570A-05BF-3F9A-9678-E936A6EB356B} = {52A90FA4-3E17-328D-AD23-ED6CE0CD3686}
		{0831EC8F-C935-33DE-87D0-960EA0CA235B} = {52A90FA4-3E17-328D-AD23-ED6CE0CD3686}
		{5C074EB3-AB34-3E32-819F-8151E9C260C4} = {52A90FA4-3E17-328D-AD23-ED6CE0CD3686}
		{5BCDA735-9B61-3B2A-AEF9-DB88287F0AD9} = {52A90FA4-3E17-328D-AD23-ED6CE0CD3686}
		{94F3E04B-0A36-3710-92AA-E5249FC9A74E} = {52A90FA4-3E17-328D-AD23-ED6CE0CD3686}
		{6D426AB1-6B7A-3DF4-8806-140FA613E389} = {52A90FA4-3E17-328D-AD23-ED6CE0CD3686}
		{B8718AEA-92B9-336D-A810-55F7FCB7FCCA} = {52A90FA4-3E17-328D-AD23-ED6CE0CD3686}
		{A65EB09F-4E12-3BDE-B707-4EAF4404F447} = {F5101D0F-01D3-3DFD-8A24-07222AD6F957}
		{33BB4EDB-81DB-3A0C-B806-ADBFA0243B80} = {F5101D0F-01D3-3DFD-8A24-07222AD6F957}
		{08B54B8C-8C8F-3A08-815B-A9D544D9DB30} = {F5101D0F-01D3-3DFD-8A24-07222AD6F957}
		{2244EDA9-AF1E-3F2D-B9C0-C9ED031333C5} = {F5101D0F-01D3-3DFD-8A24-07222AD6F957}
		{28328244-6FCB-3CB2-B00A-C5771617191F} = {F5101D0F-01D3-3DFD-8A24-07222AD6F957}
		{0133B4E5-233E-39B3-B3A9-7D4E3E5D0D6A} = {F5101D0F-01D3-3DFD-8A24-07222AD6F957}
		{191FFEC3-B027-366E-B906-733933D87DD8} = {F5101D0F-01D3-3DFD-8A24-07222AD6F957}
		{65B597A5-C1A3-3273-9D5B-53D5CCE70B46} = {F5101D0F-01D3-3DFD-8A24-07222AD6F957}
		{490AE574-7033-3415-8CBE-62C53DB27094} = {F5101D0F-01D3-3DFD-8A24-07222AD6F957}
		{3877ACC4-66F8-39C5-87E9-DA1682E357CD} = {F5101D0F-01D3-3DFD-8A24-07222AD6F957}
		{8C0CBC65-C4B8-3905-A806-3BEC05B692BE} = {F5101D0F-01D3-3DFD-8A24-07222AD6F957}
		{A5D0A909-8FD3-34CD-B5C7-94EB7AAD47A4} = {F5101D0F-01D3-3DFD-8A24-07222AD6F957}
		{C762F5C1-B23E-340E-82BB-503E18E288EB} = {F5101D0F-01D3-3DFD-8A24-07222AD6F957}
		{DF7960CE-E9AC-37F7-963A-445CE60EB46B} = {F5101D0F-01D3-3DFD-8A24-07222AD6F957}
		{1094A165-F31E-3C71-B883-3DB1E316DDD7} = {F5101D0F-01D3-3DFD-8A24-07222AD6F957}
		{401C96F2-7E5B-38BA-8731-CD9940037215} = {F5101D0F-01D3-3DFD-8A24-07222AD6F957}
		{BE4923F6-7941-3016-A9E7-9A7F674FD0D4} = {F5101D0F-01D3-3DFD-8A24-07222AD6F957}
		{94F005A2-F7A4-3A22-9E1E-61E3712741E6} = {F5101D0F-01D3-3DFD-8A24-07222AD6F957}
		{5FE89EC8-3E59-3E74-9EAC-97D21792FF0D} = {F5101D0F-01D3-3DFD-8A24-07222AD6F957}
		{549022C7-ED96-3066-B58D-C28168B37FAB} = {F5101D0F-01D3-3DFD-8A24-07222AD6F957}
	EndGlobalSection
	GlobalSection(ExtensibilityGlobals) = postSolution
		SolutionGuid = {9746BE14-55D0-33CA-AF13-314BF141534B}
	EndGlobalSection
	GlobalSection(ExtensibilityAddIns) = postSolution
	EndGlobalSection
EndGlobal
